# This file is automatically @generated by Cargo.
# It is not intended for manual editing.
version = 4

[[package]]
name = "fluxcast-cli"
version = "0.1.0"
dependencies = [
 "fluxcast-core",
 "fluxcast-proto",
]

[[package]]
name = "fluxcast-core"
version = "0.1.0"
dependencies = [
 "fluxcast-proto",
]

[[package]]
name = "fluxcast-proto"
version = "0.1.0"
